// !$*UTF8*$!
{
	archiveVersion = 1;
	classes = {
	};
	objectVersion = 56;
	objects = {

/* Begin PBXBuildFile section */
		DBD80FEE2C810C120086C2F1 /* CalculatorApp.swift in Sources */ = {isa = PBXBuildFile; fileRef = DBD80FED2C810C120086C2F1 /* CalculatorApp.swift */; };
		DBD80FF02C810C120086C2F1 /* ContentView.swift in Sources */ = {isa = PBXBuildFile; fileRef = DBD80FEF2C810C120086C2F1 /* ContentView.swift */; };
		DBD80FF22C810C140086C2F1 /* Assets.xcassets in Resources */ = {isa = PBXBuildFile; fileRef = DBD80FF12C810C140086C2F1 /* Assets.xcassets */; };
		DBD80FF52C810C140086C2F1 /* Preview Assets.xcassets in Resources */ = {isa = PBXBuildFile; fileRef = DBD80FF42C810C140086C2F1 /* Preview Assets.xcassets */; };
		DBD80FFF2C810C140086C2F1 /* CalculatorTests.swift in Sources */ = {isa = PBXBuildFile; fileRef = DBD80FFE2C810C140086C2F1 /* CalculatorTests.swift */; };
		DBD810092C810C140086C2F1 /* CalculatorUITests.swift in Sources */ = {isa = PBXBuildFile; fileRef = DBD810082C810C140086C2F1 /* CalculatorUITests.swift */; };
		DBD8100B2C810C140086C2F1 /* CalculatorUITestsLaunchTests.swift in Sources */ = {isa = PBXBuildFile; fileRef = DBD8100A2C810C140086C2F1 /* CalculatorUITestsLaunchTests.swift */; };
/* End PBXBuildFile section */

/* Begin PBXContainerItemProxy section */
		DBD80FFB2C810C140086C2F1 /* PBXContainerItemProxy */ = {
			isa = PBXContainerItemProxy;
			containerPortal = DBD80FE22C810C120086C2F1 /* Project object */;
			proxyType = 1;
			remoteGlobalIDString = DBD80FE92C810C120086C2F1;
			remoteInfo = Calculator;
		};
		DBD810052C810C140086C2F1 /* PBXContainerItemProxy */ = {
			isa = PBXContainerItemProxy;
			containerPortal = DBD80FE22C810C120086C2F1 /* Project object */;
			proxyType = 1;
			remoteGlobalIDString = DBD80FE92C810C120086C2F1;
			remoteInfo = Calculator;
		};
/* End PBXContainerItemProxy section */

/* Begin PBXFileReference section */
		DBD80FEA2C810C120086C2F1 /* Calculator.app */ = {isa = PBXFileReference; explicitFileType = wrapper.application; includeInIndex = 0; path = Calculator.app; sourceTree = BUILT_PRODUCTS_DIR; };
		DBD80FED2C810C120086C2F1 /* CalculatorApp.swift */ = {isa = PBXFileReference; lastKnownFileType = sourcecode.swift; path = CalculatorApp.swift; sourceTree = "<group>"; };
		DBD80FEF2C810C120086C2F1 /* ContentView.swift */ = {isa = PBXFileReference; lastKnownFileType = sourcecode.swift; path = ContentView.swift; sourceTree = "<group>"; };
		DBD80FF12C810C140086C2F1 /* Assets.xcassets */ = {isa = PBXFileReference; lastKnownFileType = folder.assetcatalog; path = Assets.xcassets; sourceTree = "<group>"; };
		DBD80FF42C810C140086C2F1 /* Preview Assets.xcassets */ = {isa = PBXFileReference; lastKnownFileType = folder.assetcatalog; path = "Preview Assets.xcassets"; sourceTree = "<group>"; };
		DBD80FFA2C810C140086C2F1 /* CalculatorTests.xctest */ = {isa = PBXFileReference; explicitFileType = wrapper.cfbundle; includeInIndex = 0; path = CalculatorTests.xctest; sourceTree = BUILT_PRODUCTS_DIR; };
		DBD80FFE2C810C140086C2F1 /* CalculatorTests.swift */ = {isa = PBXFileReference; lastKnownFileType = sourcecode.swift; path = CalculatorTests.swift; sourceTree = "<group>"; };
		DBD810042C810C140086C2F1 /* CalculatorUITests.xctest */ = {isa = PBXFileReference; explicitFileType = wrapper.cfbundle; includeInIndex = 0; path = CalculatorUITests.xctest; sourceTree = BUILT_PRODUCTS_DIR; };
		DBD810082C810C140086C2F1 /* CalculatorUITests.swift */ = {isa = PBXFileReference; lastKnownFileType = sourcecode.swift; path = CalculatorUITests.swift; sourceTree = "<group>"; };
		DBD8100A2C810C140086C2F1 /* CalculatorUITestsLaunchTests.swift */ = {isa = PBXFileReference; lastKnownFileType = sourcecode.swift; path = CalculatorUITestsLaunchTests.swift; sourceTree = "<group>"; };
/* End PBXFileReference section */

/* Begin PBXFrameworksBuildPhase section */
		DBD80FE72C810C120086C2F1 /* Frameworks */ = {
			isa = PBXFrameworksBuildPhase;
			buildActionMask = 2147483647;
			files = (
			);
			runOnlyForDeploymentPostprocessing = 0;
		};
		DBD80FF72C810C140086C2F1 /* Frameworks */ = {
			isa = PBXFrameworksBuildPhase;
			buildActionMask = 2147483647;
			files = (
			);
			runOnlyForDeploymentPostprocessing = 0;
		};
		DBD810012C810C140086C2F1 /* Frameworks */ = {
			isa = PBXFrameworksBuildPhase;
			buildActionMask = 2147483647;
			files = (
			);
			runOnlyForDeploymentPostprocessing = 0;
		};
/* End PBXFrameworksBuildPhase section */

/* Begin PBXGroup section */
		DBD80FE12C810C120086C2F1 = {
			isa = PBXGroup;
			children = (
				DBD80FEC2C810C120086C2F1 /* Calculator */,
				DBD80FFD2C810C140086C2F1 /* CalculatorTests */,
				DBD810072C810C140086C2F1 /* CalculatorUITests */,
				DBD80FEB2C810C120086C2F1 /* Products */,
			);
			sourceTree = "<group>";
		};
		DBD80FEB2C810C120086C2F1 /* Products */ = {
			isa = PBXGroup;
			children = (
				DBD80FEA2C810C120086C2F1 /* Calculator.app */,
				DBD80FFA2C810C140086C2F1 /* CalculatorTests.xctest */,
				DBD810042C810C140086C2F1 /* CalculatorUITests.xctest */,
			);
			name = Products;
			sourceTree = "<group>";
		};
		DBD80FEC2C810C120086C2F1 /* Calculator */ = {
			isa = PBXGroup;
			children = (
				DBD80FED2C810C120086C2F1 /* CalculatorApp.swift */,
				DBD80FEF2C810C120086C2F1 /* ContentView.swift */,
				DBD80FF12C810C140086C2F1 /* Assets.xcassets */,
				DBD80FF32C810C140086C2F1 /* Preview Content */,
			);
			path = Calculator;
			sourceTree = "<group>";
		};
		DBD80FF32C810C140086C2F1 /* Preview Content */ = {
			isa = PBXGroup;
			children = (
				DBD80FF42C810C140086C2F1 /* Preview Assets.xcassets */,
			);
			path = "Preview Content";
			sourceTree = "<group>";
		};
		DBD80FFD2C810C140086C2F1 /* CalculatorTests */ = {
			isa = PBXGroup;
			children = (
				DBD80FFE2C810C140086C2F1 /* CalculatorTests.swift */,
			);
			path = CalculatorTests;
			sourceTree = "<group>";
		};
		DBD810072C810C140086C2F1 /* CalculatorUITests */ = {
			isa = PBXGroup;
			children = (
				DBD810082C810C140086C2F1 /* CalculatorUITests.swift */,
				DBD8100A2C810C140086C2F1 /* CalculatorUITestsLaunchTests.swift */,
			);
			path = CalculatorUITests;
			sourceTree = "<group>";
		};
/* End PBXGroup section */

/* Begin PBXNativeTarget section */
		DBD80FE92C810C120086C2F1 /* Calculator */ = {
			isa = PBXNativeTarget;
			buildConfigurationList = DBD8100E2C810C140086C2F1 /* Build configuration list for PBXNativeTarget "Calculator" */;
			buildPhases = (
				DBD80FE62C810C120086C2F1 /* Sources */,
				DBD80FE72C810C120086C2F1 /* Frameworks */,
				DBD80FE82C810C120086C2F1 /* Resources */,
			);
			buildRules = (
			);
			dependencies = (
			);
			name = Calculator;
			productName = Calculator;
			productReference = DBD80FEA2C810C120086C2F1 /* Calculator.app */;
			productType = "com.apple.product-type.application";
		};
		DBD80FF92C810C140086C2F1 /* CalculatorTests */ = {
			isa = PBXNativeTarget;
			buildConfigurationList = DBD810112C810C140086C2F1 /* Build configuration list for PBXNativeTarget "CalculatorTests" */;
			buildPhases = (
				DBD80FF62C810C140086C2F1 /* Sources */,
				DBD80FF72C810C140086C2F1 /* Frameworks */,
				DBD80FF82C810C140086C2F1 /* Resources */,
			);
			buildRules = (
			);
			dependencies = (
				DBD80FFC2C810C140086C2F1 /* PBXTargetDependency */,
			);
			name = CalculatorTests;
			productName = CalculatorTests;
			productReference = DBD80FFA2C810C140086C2F1 /* CalculatorTests.xctest */;
			productType = "com.apple.product-type.bundle.unit-test";
		};
		DBD810032C810C140086C2F1 /* CalculatorUITests */ = {
			isa = PBXNativeTarget;
			buildConfigurationList = DBD810142C810C140086C2F1 /* Build configuration list for PBXNativeTarget "CalculatorUITests" */;
			buildPhases = (
				DBD810002C810C140086C2F1 /* Sources */,
				DBD810012C810C140086C2F1 /* Frameworks */,
				DBD810022C810C140086C2F1 /* Resources */,
			);
			buildRules = (
			);
			dependencies = (
				DBD810062C810C140086C2F1 /* PBXTargetDependency */,
			);
			name = CalculatorUITests;
			productName = CalculatorUITests;
			productReference = DBD810042C810C140086C2F1 /* CalculatorUITests.xctest */;
			productType = "com.apple.product-type.bundle.ui-testing";
		};
/* End PBXNativeTarget section */

/* Begin PBXProject section */
		DBD80FE22C810C120086C2F1 /* Project object */ = {
			isa = PBXProject;
			attributes = {
				BuildIndependentTargetsInParallel = 1;
				LastSwiftUpdateCheck = 1500;
				LastUpgradeCheck = 1500;
				TargetAttributes = {
					DBD80FE92C810C120086C2F1 = {
						CreatedOnToolsVersion = 15.0.1;
					};
					DBD80FF92C810C140086C2F1 = {
						CreatedOnToolsVersion = 15.0.1;
						TestTargetID = DBD80FE92C810C120086C2F1;
					};
					DBD810032C810C140086C2F1 = {
						CreatedOnToolsVersion = 15.0.1;
						TestTargetID = DBD80FE92C810C120086C2F1;
					};
				};
			};
			buildConfigurationList = DBD80FE52C810C120086C2F1 /* Build configuration list for PBXProject "Calculator" */;
			compatibilityVersion = "Xcode 14.0";
			developmentRegion = en;
			hasScannedForEncodings = 0;
			knownRegions = (
				en,
				Base,
			);
			mainGroup = DBD80FE12C810C120086C2F1;
			productRefGroup = DBD80FEB2C810C120086C2F1 /* Products */;
			projectDirPath = "";
			projectRoot = "";
			targets = (
				DBD80FE92C810C120086C2F1 /* Calculator */,
				DBD80FF92C810C140086C2F1 /* CalculatorTests */,
				DBD810032C810C140086C2F1 /* CalculatorUITests */,
			);
		};
/* End PBXProject section */

/* Begin PBXResourcesBuildPhase section */
		DBD80FE82C810C120086C2F1 /* Resources */ = {
			isa = PBXResourcesBuildPhase;
			buildActionMask = 2147483647;
			files = (
				DBD80FF52C810C140086C2F1 /* Preview Assets.xcassets in Resources */,
				DBD80FF22C810C140086C2F1 /* Assets.xcassets in Resources */,
			);
			runOnlyForDeploymentPostprocessing = 0;
		};
		DBD80FF82C810C140086C2F1 /* Resources */ = {
			isa = PBXResourcesBuildPhase;
			buildActionMask = 2147483647;
			files = (
			);
			runOnlyForDeploymentPostprocessing = 0;
		};
		DBD810022C810C140086C2F1 /* Resources */ = {
			isa = PBXResourcesBuildPhase;
			buildActionMask = 2147483647;
			files = (
			);
			runOnlyForDeploymentPostprocessing = 0;
		};
/* End PBXResourcesBuildPhase section */

/* Begin PBXSourcesBuildPhase section */
		DBD80FE62C810C120086C2F1 /* Sources */ = {
			isa = PBXSourcesBuildPhase;
			buildActionMask = 2147483647;
			files = (
				DBD80FF02C810C120086C2F1 /* ContentView.swift in Sources */,
				DBD80FEE2C810C120086C2F1 /* CalculatorApp.swift in Sources */,
			);
			runOnlyForDeploymentPostprocessing = 0;
		};
		DBD80FF62C810C140086C2F1 /* Sources */ = {
			isa = PBXSourcesBuildPhase;
			buildActionMask = 2147483647;
			files = (
				DBD80FFF2C810C140086C2F1 /* CalculatorTests.swift in Sources */,
			);
			runOnlyForDeploymentPostprocessing = 0;
		};
		DBD810002C810C140086C2F1 /* Sources */ = {
			isa = PBXSourcesBuildPhase;
			buildActionMask = 2147483647;
			files = (
				DBD8100B2C810C140086C2F1 /* CalculatorUITestsLaunchTests.swift in Sources */,
				DBD810092C810C140086C2F1 /* CalculatorUITests.swift in Sources */,
			);
			runOnlyForDeploymentPostprocessing = 0;
		};
/* End PBXSourcesBuildPhase section */

/* Begin PBXTargetDependency section */
		DBD80FFC2C810C140086C2F1 /* PBXTargetDependency */ = {
			isa = PBXTargetDependency;
			target = DBD80FE92C810C120086C2F1 /* Calculator */;
			targetProxy = DBD80FFB2C810C140086C2F1 /* PBXContainerItemProxy */;
		};
		DBD810062C810C140086C2F1 /* PBXTargetDependency */ = {
			isa = PBXTargetDependency;
			target = DBD80FE92C810C120086C2F1 /* Calculator */;
			targetProxy = DBD810052C810C140086C2F1 /* PBXContainerItemProxy */;
		};
/* End PBXTargetDependency section */

/* Begin XCBuildConfiguration section */
		DBD8100C2C810C140086C2F1 /* Debug */ = {
			isa = XCBuildConfiguration;
			buildSettings = {
				ALWAYS_SEARCH_USER_PATHS = NO;
				ASSETCATALOG_COMPILER_GENERATE_SWIFT_ASSET_SYMBOL_EXTENSIONS = YES;
				CLANG_ANALYZER_NONNULL = YES;
				CLANG_ANALYZER_NUMBER_OBJECT_CONVERSION = YES_AGGRESSIVE;
				CLANG_CXX_LANGUAGE_STANDARD = "gnu++20";
				CLANG_ENABLE_MODULES = YES;
				CLANG_ENABLE_OBJC_ARC = YES;
				CLANG_ENABLE_OBJC_WEAK = YES;
				CLANG_WARN_BLOCK_CAPTURE_AUTORELEASING = YES;
				CLANG_WARN_BOOL_CONVERSION = YES;
				CLANG_WARN_COMMA = YES;
				CLANG_WARN_CONSTANT_CONVERSION = YES;
				CLANG_WARN_DEPRECATED_OBJC_IMPLEMENTATIONS = YES;
				CLANG_WARN_DIRECT_OBJC_ISA_USAGE = YES_ERROR;
				CLANG_WARN_DOCUMENTATION_COMMENTS = YES;
				CLANG_WARN_EMPTY_BODY = YES;
				CLANG_WARN_ENUM_CONVERSION = YES;
				CLANG_WARN_INFINITE_RECURSION = YES;
				CLANG_WARN_INT_CONVERSION = YES;
				CLANG_WARN_NON_LITERAL_NULL_CONVERSION = YES;
				CLANG_WARN_OBJC_IMPLICIT_RETAIN_SELF = YES;
				CLANG_WARN_OBJC_LITERAL_CONVERSION = YES;
				CLANG_WARN_OBJC_ROOT_CLASS = YES_ERROR;
				CLANG_WARN_QUOTED_INCLUDE_IN_FRAMEWORK_HEADER = YES;
				CLANG_WARN_RANGE_LOOP_ANALYSIS = YES;
				CLANG_WARN_STRICT_PROTOTYPES = YES;
				CLANG_WARN_SUSPICIOUS_MOVE = YES;
				CLANG_WARN_UNGUARDED_AVAILABILITY = YES_AGGRESSIVE;
				CLANG_WARN_UNREACHABLE_CODE = YES;
				CLANG_WARN__DUPLICATE_METHOD_MATCH = YES;
				COPY_PHASE_STRIP = NO;
				DEBUG_INFORMATION_FORMAT = dwarf;
				ENABLE_STRICT_OBJC_MSGSEND = YES;
				ENABLE_TESTABILITY = YES;
				ENABLE_USER_SCRIPT_SANDBOXING = YES;
				GCC_C_LANGUAGE_STANDARD = gnu17;
				GCC_DYNAMIC_NO_PIC = NO;
				GCC_NO_COMMON_BLOCKS = YES;
				GCC_OPTIMIZATION_LEVEL = 0;
				GCC_PREPROCESSOR_DEFINITIONS = (
					"DEBUG=1",
					"$(inherited)",
				);
				GCC_WARN_64_TO_32_BIT_CONVERSION = YES;
				GCC_WARN_ABOUT_RETURN_TYPE = YES_ERROR;
				GCC_WARN_UNDECLARED_SELECTOR = YES;
				GCC_WARN_UNINITIALIZED_AUTOS = YES_AGGRESSIVE;
				GCC_WARN_UNUSED_FUNCTION = YES;
				GCC_WARN_UNUSED_VARIABLE = YES;
				IPHONEOS_DEPLOYMENT_TARGET = 17.0;
				LOCALIZATION_PREFERS_STRING_CATALOGS = YES;
				MTL_ENABLE_DEBUG_INFO = INCLUDE_SOURCE;
				MTL_FAST_MATH = YES;
				ONLY_ACTIVE_ARCH = YES;
				SDKROOT = iphoneos;
				SWIFT_ACTIVE_COMPILATION_CONDITIONS = "DEBUG $(inherited)";
				SWIFT_OPTIMIZATION_LEVEL = "-Onone";
			};
			name = Debug;
		};
		DBD8100D2C810C140086C2F1 /* Release */ = {
			isa = XCBuildConfiguration;
			buildSettings = {
				ALWAYS_SEARCH_USER_PATHS = NO;
				ASSETCATALOG_COMPILER_GENERATE_SWIFT_ASSET_SYMBOL_EXTENSIONS = YES;
				CLANG_ANALYZER_NONNULL = YES;
				CLANG_ANALYZER_NUMBER_OBJECT_CONVERSION = YES_AGGRESSIVE;
				CLANG_CXX_LANGUAGE_STANDARD = "gnu++20";
				CLANG_ENABLE_MODULES = YES;
				CLANG_ENABLE_OBJC_ARC = YES;
				CLANG_ENABLE_OBJC_WEAK = YES;
				CLANG_WARN_BLOCK_CAPTURE_AUTORELEASING = YES;
				CLANG_WARN_BOOL_CONVERSION = YES;
				CLANG_WARN_COMMA = YES;
				CLANG_WARN_CONSTANT_CONVERSION = YES;
				CLANG_WARN_DEPRECATED_OBJC_IMPLEMENTATIONS = YES;
				CLANG_WARN_DIRECT_OBJC_ISA_USAGE = YES_ERROR;
				CLANG_WARN_DOCUMENTATION_COMMENTS = YES;
				CLANG_WARN_EMPTY_BODY = YES;
				CLANG_WARN_ENUM_CONVERSION = YES;
				CLANG_WARN_INFINITE_RECURSION = YES;
				CLANG_WARN_INT_CONVERSION = YES;
				CLANG_WARN_NON_LITERAL_NULL_CONVERSION = YES;
				CLANG_WARN_OBJC_IMPLICIT_RETAIN_SELF = YES;
				CLANG_WARN_OBJC_LITERAL_CONVERSION = YES;
				CLANG_WARN_OBJC_ROOT_CLASS = YES_ERROR;
				CLANG_WARN_QUOTED_INCLUDE_IN_FRAMEWORK_HEADER = YES;
				CLANG_WARN_RANGE_LOOP_ANALYSIS = YES;
				CLANG_WARN_STRICT_PROTOTYPES = YES;
				CLANG_WARN_SUSPICIOUS_MOVE = YES;
				CLANG_WARN_UNGUARDED_AVAILABILITY = YES_AGGRESSIVE;
				CLANG_WARN_UNREACHABLE_CODE = YES;
				CLANG_WARN__DUPLICATE_METHOD_MATCH = YES;
				COPY_PHASE_STRIP = NO;
				DEBUG_INFORMATION_FORMAT = "dwarf-with-dsym";
				ENABLE_NS_ASSERTIONS = NO;
				ENABLE_STRICT_OBJC_MSGSEND = YES;
				ENABLE_USER_SCRIPT_SANDBOXING = YES;
				GCC_C_LANGUAGE_STANDARD = gnu17;
				GCC_NO_COMMON_BLOCKS = YES;
				GCC_WARN_64_TO_32_BIT_CONVERSION = YES;
				GCC_WARN_ABOUT_RETURN_TYPE = YES_ERROR;
				GCC_WARN_UNDECLARED_SELECTOR = YES;
				GCC_WARN_UNINITIALIZED_AUTOS = YES_AGGRESSIVE;
				GCC_WARN_UNUSED_FUNCTION = YES;
				GCC_WARN_UNUSED_VARIABLE = YES;
				IPHONEOS_DEPLOYMENT_TARGET = 17.0;
				LOCALIZATION_PREFERS_STRING_CATALOGS = YES;
				MTL_ENABLE_DEBUG_INFO = NO;
				MTL_FAST_MATH = YES;
				SDKROOT = iphoneos;
				SWIFT_COMPILATION_MODE = wholemodule;
				VALIDATE_PRODUCT = YES;
			};
			name = Release;
		};
		DBD8100F2C810C140086C2F1 /* Debug */ = {
			isa = XCBuildConfiguration;
			buildSettings = {
				ASSETCATALOG_COMPILER_APPICON_NAME = AppIcon;
				ASSETCATALOG_COMPILER_GLOBAL_ACCENT_COLOR_NAME = AccentColor;
				CODE_SIGN_STYLE = Automatic;
				CURRENT_PROJECT_VERSION = 1;
				DEVELOPMENT_ASSET_PATHS = "\"Calculator/Preview Content\"";
				ENABLE_PREVIEWS = YES;
				GENERATE_INFOPLIST_FILE = YES;
				INFOPLIST_KEY_UIApplicationSceneManifest_Generation = YES;
				INFOPLIST_KEY_UIApplicationSupportsIndirectInputEvents = YES;
				INFOPLIST_KEY_UILaunchScreen_Generation = YES;
				INFOPLIST_KEY_UISupportedInterfaceOrientations_iPad = "UIInterfaceOrientationPortrait UIInterfaceOrientationPortraitUpsideDown UIInterfaceOrientationLandscapeLeft UIInterfaceOrientationLandscapeRight";
				INFOPLIST_KEY_UISupportedInterfaceOrientations_iPhone = "UIInterfaceOrientationPortrait UIInterfaceOrientationLandscapeLeft UIInterfaceOrientationLandscapeRight";
				LD_RUNPATH_SEARCH_PATHS = (
					"$(inherited)",
					"@executable_path/Frameworks",
				);
				MARKETING_VERSION = 1.0;
				PRODUCT_BUNDLE_IDENTIFIER = test.Calculator;
				PRODUCT_NAME = "$(TARGET_NAME)";
				SWIFT_EMIT_LOC_STRINGS = YES;
				SWIFT_VERSION = 5.0;
				TARGETED_DEVICE_FAMILY = "1,2";
			};
			name = Debug;
		};
		DBD810102C810C140086C2F1 /* Release */ = {
			isa = XCBuildConfiguration;
			buildSettings = {
				ASSETCATALOG_COMPILER_APPICON_NAME = AppIcon;
				ASSETCATALOG_COMPILER_GLOBAL_ACCENT_COLOR_NAME = AccentColor;
				CODE_SIGN_STYLE = Automatic;
				CURRENT_PROJECT_VERSION = 1;
				DEVELOPMENT_ASSET_PATHS = "\"Calculator/Preview Content\"";
				ENABLE_PREVIEWS = YES;
				GENERATE_INFOPLIST_FILE = YES;
				INFOPLIST_KEY_UIApplicationSceneManifest_Generation = YES;
				INFOPLIST_KEY_UIApplicationSupportsIndirectInputEvents = YES;
				INFOPLIST_KEY_UILaunchScreen_Generation = YES;
				INFOPLIST_KEY_UISupportedInterfaceOrientations_iPad = "UIInterfaceOrientationPortrait UIInterfaceOrientationPortraitUpsideDown UIInterfaceOrientationLandscapeLeft UIInterfaceOrientationLandscapeRight";
				INFOPLIST_KEY_UISupportedInterfaceOrientations_iPhone = "UIInterfaceOrientationPortrait UIInterfaceOrientationLandscapeLeft UIInterfaceOrientationLandscapeRight";
				LD_RUNPATH_SEARCH_PATHS = (
					"$(inherited)",
					"@executable_path/Frameworks",
				);
				MARKETING_VERSION = 1.0;
				PRODUCT_BUNDLE_IDENTIFIER = test.Calculator;
				PRODUCT_NAME = "$(TARGET_NAME)";
				SWIFT_EMIT_LOC_STRINGS = YES;
				SWIFT_VERSION = 5.0;
				TARGETED_DEVICE_FAMILY = "1,2";
			};
			name = Release;
		};
		DBD810122C810C140086C2F1 /* Debug */ = {
			isa = XCBuildConfiguration;
			buildSettings = {
				ALWAYS_EMBED_SWIFT_STANDARD_LIBRARIES = YES;
				BUNDLE_LOADER = "$(TEST_HOST)";
				CODE_SIGN_STYLE = Automatic;
				CURRENT_PROJECT_VERSION = 1;
				GENERATE_INFOPLIST_FILE = YES;
				IPHONEOS_DEPLOYMENT_TARGET = 17.0;
				MARKETING_VERSION = 1.0;
				PRODUCT_BUNDLE_IDENTIFIER = test.CalculatorTests;
				PRODUCT_NAME = "$(TARGET_NAME)";
				SWIFT_EMIT_LOC_STRINGS = NO;
				SWIFT_VERSION = 5.0;
				TARGETED_DEVICE_FAMILY = "1,2";
				TEST_HOST = "$(BUILT_PRODUCTS_DIR)/Calculator.app/$(BUNDLE_EXECUTABLE_FOLDER_PATH)/Calculator";
			};
			name = Debug;
		};
		DBD810132C810C140086C2F1 /* Release */ = {
			isa = XCBuildConfiguration;
			buildSettings = {
				ALWAYS_EMBED_SWIFT_STANDARD_LIBRARIES = YES;
				BUNDLE_LOADER = "$(TEST_HOST)";
				CODE_SIGN_STYLE = Automatic;
				CURRENT_PROJECT_VERSION = 1;
				GENERATE_INFOPLIST_FILE = YES;
				IPHONEOS_DEPLOYMENT_TARGET = 17.0;
				MARKETING_VERSION = 1.0;
				PRODUCT_BUNDLE_IDENTIFIER = test.CalculatorTests;
				PRODUCT_NAME = "$(TARGET_NAME)";
				SWIFT_EMIT_LOC_STRINGS = NO;
				SWIFT_VERSION = 5.0;
				TARGETED_DEVICE_FAMILY = "1,2";
				TEST_HOST = "$(BUILT_PRODUCTS_DIR)/Calculator.app/$(BUNDLE_EXECUTABLE_FOLDER_PATH)/Calculator";
			};
			name = Release;
		};
		DBD810152C810C140086C2F1 /* Debug */ = {
			isa = XCBuildConfiguration;
			buildSettings = {
				ALWAYS_EMBED_SWIFT_STANDARD_LIBRARIES = YES;
				CODE_SIGN_STYLE = Automatic;
				CURRENT_PROJECT_VERSION = 1;
				GENERATE_INFOPLIST_FILE = YES;
				MARKETING_VERSION = 1.0;
				PRODUCT_BUNDLE_IDENTIFIER = test.CalculatorUITests;
				PRODUCT_NAME = "$(TARGET_NAME)";
				SWIFT_EMIT_LOC_STRINGS = NO;
				SWIFT_VERSION = 5.0;
				TARGETED_DEVICE_FAMILY = "1,2";
				TEST_TARGET_NAME = Calculator;
			};
			name = Debug;
		};
		DBD810162C810C140086C2F1 /* Release */ = {
			isa = XCBuildConfiguration;
			buildSettings = {
				ALWAYS_EMBED_SWIFT_STANDARD_LIBRARIES = YES;
				CODE_SIGN_STYLE = Automatic;
				CURRENT_PROJECT_VERSION = 1;
				GENERATE_INFOPLIST_FILE = YES;
				MARKETING_VERSION = 1.0;
				PRODUCT_BUNDLE_IDENTIFIER = test.CalculatorUITests;
				PRODUCT_NAME = "$(TARGET_NAME)";
				SWIFT_EMIT_LOC_STRINGS = NO;
				SWIFT_VERSION = 5.0;
				TARGETED_DEVICE_FAMILY = "1,2";
				TEST_TARGET_NAME = Calculator;
			};
			name = Release;
		};
/* End XCBuildConfiguration section */

/* Begin XCConfigurationList section */
		DBD80FE52C810C120086C2F1 /* Build configuration list for PBXProject "Calculator" */ = {
			isa = XCConfigurationList;
			buildConfigurations = (
				DBD8100C2C810C140086C2F1 /* Debug */,
				DBD8100D2C810C140086C2F1 /* Release */,
			);
			defaultConfigurationIsVisible = 0;
			defaultConfigurationName = Release;
		};
		DBD8100E2C810C140086C2F1 /* Build configuration list for PBXNativeTarget "Calculator" */ = {
			isa = XCConfigurationList;
			buildConfigurations = (
				DBD8100F2C810C140086C2F1 /* Debug */,
				DBD810102C810C140086C2F1 /* Release */,
			);
			defaultConfigurationIsVisible = 0;
			defaultConfigurationName = Release;
		};
		DBD810112C810C140086C2F1 /* Build configuration list for PBXNativeTarget "CalculatorTests" */ = {
			isa = XCConfigurationList;
			buildConfigurations = (
				DBD810122C810C140086C2F1 /* Debug */,
				DBD810132C810C140086C2F1 /* Release */,
			);
			defaultConfigurationIsVisible = 0;
			defaultConfigurationName = Release;
		};
		DBD810142C810C140086C2F1 /* Build configuration list for PBXNativeTarget "CalculatorUITests" */ = {
			isa = XCConfigurationList;
			buildConfigurations = (
				DBD810152C810C140086C2F1 /* Debug */,
				DBD810162C810C140086C2F1 /* Release */,
			);
			defaultConfigurationIsVisible = 0;
			defaultConfigurationName = Release;
		};
/* End XCConfigurationList section */
	};
	rootObject = DBD80FE22C810C120086C2F1 /* Project object */;
}
